// !$*UTF8*$!
{
	archiveVersion = 1;
	classes = {
	};
	objectVersion = 77;
	objects = {

/* Begin PBXBuildFile section */
		05C12375FDAA7EBC3B51A099 /* CatalogWatcher.swift in Sources */ = {isa = PBXBuildFile; fileRef = E589C405CFF29D7649DECD2B /* CatalogWatcher.swift */; };
		05D1BE629CE3A89BD6CEF78E /* PlacemarkMapSupport.swift in Sources */ = {isa = PBXBuildFile; fileRef = 5FF4FE18EEB0FBBE01F63CA7 /* PlacemarkMapSupport.swift */; };
		0A7D11AFA4ED76E8100F1BE5 /* PlacemarkRow.swift in Sources */ = {isa = PBXBuildFile; fileRef = 3BE5FC831EA26C15A2F9263E /* PlacemarkRow.swift */; };
		0A8D8185E2416A309D1E8F53 /* CoordinateFormatterTests.swift in Sources */ = {isa = PBXBuildFile; fileRef = BF408B189935735D399B70B0 /* CoordinateFormatterTests.swift */; };
		136C1C9B8EF839D4DE47807F /* StorageLocations.swift in Sources */ = {isa = PBXBuildFile; fileRef = 3174007435D80C5645B0BE99 /* StorageLocations.swift */; };
		15163B7411744883CDEB83AE /* KMLDetailView.swift in Sources */ = {isa = PBXBuildFile; fileRef = 9636CD2D667E307077DA080E /* KMLDetailView.swift */; };
		1683FEABFDC627EF389A6471 /* Catalog.swift in Sources */ = {isa = PBXBuildFile; fileRef = 4F18D88CE1A133DF9E4F6933 /* Catalog.swift */; };
		1AF91E47E72B56F85F3EDD76 /* KMLColorTests.swift in Sources */ = {isa = PBXBuildFile; fileRef = 96AD091E28D8E1B31310340E /* KMLColorTests.swift */; };
		20AD8198C822D81122FBC967 /* PinfoldCore in Frameworks */ = {isa = PBXBuildFile; productRef = B9F587C6B080A1B024B0A825 /* PinfoldCore */; };
		22FB096D1FC3BDFFA65EB957 /* Munich Sole.kml in Resources */ = {isa = PBXBuildFile; fileRef = A7928AB62BC6A0A3AB3C8C90 /* Munich Sole.kml */; };
		24D445536BDBF2E489DA53F0 /* CatalogTests.swift in Sources */ = {isa = PBXBuildFile; fileRef = B0CCAADD985467F94D9927DD /* CatalogTests.swift */; };
		27B507F1EF8CAB6D35C164A7 /* MapUserLocationTests.swift in Sources */ = {isa = PBXBuildFile; fileRef = BA1DB26A303C33B89F485D65 /* MapUserLocationTests.swift */; };
		2B9F4EDACAC3C9A16A04D805 /* iceland-trip-2026.kml in Resources */ = {isa = PBXBuildFile; fileRef = 8DBF1290AB7553E804667519 /* iceland-trip-2026.kml */; };
		2FCE6CFF43FC1EE38B37AF8E /* ImportCoordinator.swift in Sources */ = {isa = PBXBuildFile; fileRef = 0717B915EAD9D7C75DF73F14 /* ImportCoordinator.swift */; };
		3232852544F83E2194E6BCC3 /* AppDependencies.swift in Sources */ = {isa = PBXBuildFile; fileRef = 25E52570566AE40713594FC6 /* AppDependencies.swift */; };
		359B903A36422C64B3E0622C /* PlacemarkPinImageTests.swift in Sources */ = {isa = PBXBuildFile; fileRef = FC928D430A281D51B74DD09E /* PlacemarkPinImageTests.swift */; };
		35E84A5266ADCB10D629656E /* EntryMetadata.swift in Sources */ = {isa = PBXBuildFile; fileRef = E5A9E2895F571AEF0BD6808F /* EntryMetadata.swift */; };
		382051371F92E417F0BCD8BA /* MapRectBuilderTests.swift in Sources */ = {isa = PBXBuildFile; fileRef = 90C24976BE73F96CA884393B /* MapRectBuilderTests.swift */; };
		3C53CF3043917D4DDCDE139E /* MapRectBuilder.swift in Sources */ = {isa = PBXBuildFile; fileRef = CC35B21ABE5D0EB62EDA36FA /* MapRectBuilder.swift */; };
		40D1F899EF3E1A2C4DFB68D5 /* FileRow.swift in Sources */ = {isa = PBXBuildFile; fileRef = 56D3F54049178B4EC192BEDD /* FileRow.swift */; };
		414E931120085CB1C79BDDB5 /* PlacemarkMapView.swift in Sources */ = {isa = PBXBuildFile; fileRef = 5E34F7A47D12BF34FD1A2695 /* PlacemarkMapView.swift */; };
		42B8AAD349EC20AD2DDD5078 /* PendingImportInboxTests.swift in Sources */ = {isa = PBXBuildFile; fileRef = BFF76306C1EF070BEEF36A66 /* PendingImportInboxTests.swift */; };
		4522EB0E3DC98F81B0DB28D0 /* PlacemarkMapRepresentable.swift in Sources */ = {isa = PBXBuildFile; fileRef = 677BB05FF02BC80973568046 /* PlacemarkMapRepresentable.swift */; };
		454BB0D78C27055691C06EFF /* ResourceCacheTests.swift in Sources */ = {isa = PBXBuildFile; fileRef = 3CA9E85B2D02B7AA59F14439 /* ResourceCacheTests.swift */; };
		4757A4BD68C303609FFEC942 /* OverlayBuilderTests.swift in Sources */ = {isa = PBXBuildFile; fileRef = 03AEE282EE426C3B9DFE4E32 /* OverlayBuilderTests.swift */; };
		4FB2AF1D2180A7C8DA7C6243 /* LocationAuthorization.swift in Sources */ = {isa = PBXBuildFile; fileRef = F82CBFDE3EFB9F73E6B01496 /* LocationAuthorization.swift */; };
		4FD8690EA1B1517A1A28ACA6 /* PlacemarkDetailView.swift in Sources */ = {isa = PBXBuildFile; fileRef = 419471F0972B00D44B2ACEE8 /* PlacemarkDetailView.swift */; };
		53B82EE468E8D7A452343A2E /* Rome.kml in Resources */ = {isa = PBXBuildFile; fileRef = 33DA2BFA84ADDF1D720F5E0B /* Rome.kml */; };
		53D3CCB8438ACE9D0F120D8E /* ImportServiceTests.swift in Sources */ = {isa = PBXBuildFile; fileRef = 2326394BA0E06BD40F94CB79 /* ImportServiceTests.swift */; };
		57FB77E95171B3CB7338E510 /* SafeFilename.swift in Sources */ = {isa = PBXBuildFile; fileRef = 8EC1255B1BAB6BFE548108EC /* SafeFilename.swift */; };
		5C65653C45311C3C476FDBBE /* CoordinateFormatter.swift in Sources */ = {isa = PBXBuildFile; fileRef = 50F0CA39D98A04A3F3827DAC /* CoordinateFormatter.swift */; };
		5D87F45715E2755AC5C45EB3 /* AttributedHTML.swift in Sources */ = {isa = PBXBuildFile; fileRef = 2B2A52FADD2873E8DCEE30BD /* AttributedHTML.swift */; };
		5E9DA8E8FDF903477B48B36D /* PlacemarkDistanceTests.swift in Sources */ = {isa = PBXBuildFile; fileRef = 8FA720B8CDA7232D42F6EB86 /* PlacemarkDistanceTests.swift */; };
		5F25D8F24318AF58EA3F1D52 /* MapAppService.swift in Sources */ = {isa = PBXBuildFile; fileRef = 38B03DAFB9182A76BACA30F1 /* MapAppService.swift */; };
		62324DDF738B211EE4393F19 /* EntrySort.swift in Sources */ = {isa = PBXBuildFile; fileRef = 681A714BC561B52C5AE55E14 /* EntrySort.swift */; };
		629B85A85C023B312BAE9577 /* CatalogScannerTests.swift in Sources */ = {isa = PBXBuildFile; fileRef = 4DBA989F511E0E902FFC8716 /* CatalogScannerTests.swift */; };
		64DE7F428E039153E00F2D34 /* PinfoldShareExtension.appex in Embed Foundation Extensions */ = {isa = PBXBuildFile; fileRef = 0A2FD8FFAFD513ED71D78F6A /* PinfoldShareExtension.appex */; settings = {ATTRIBUTES = (RemoveHeadersOnCopy, ); }; };
		6625EA9E41C38568808CB159 /* PinfoldIntents.swift in Sources */ = {isa = PBXBuildFile; fileRef = 21D8C7ACD7CFD3160BA2D1F2 /* PinfoldIntents.swift */; };
		6C210314449EF164E533F59C /* PlacemarkAnnotations.swift in Sources */ = {isa = PBXBuildFile; fileRef = 7BE64585772ECAAD18A2E4E0 /* PlacemarkAnnotations.swift */; };
		6E06F4CC96D6B13BEE4016AD /* MapPickerSheet.swift in Sources */ = {isa = PBXBuildFile; fileRef = 30D4AF5FF811F307432DF239 /* MapPickerSheet.swift */; };
		71AAEE3794D770BAF502CC87 /* EnvironmentKeys.swift in Sources */ = {isa = PBXBuildFile; fileRef = C4443D7A25E04BFA90E42E5A /* EnvironmentKeys.swift */; };
		731CB609C56EF90B59EC6BD6 /* PlacemarkSearchTests.swift in Sources */ = {isa = PBXBuildFile; fileRef = 40828677AC377D8079FE6685 /* PlacemarkSearchTests.swift */; };
		75C7B172A51F8CA72B9E4B53 /* AppSettingsTests.swift in Sources */ = {isa = PBXBuildFile; fileRef = 5ED865B0014645FE571F05DD /* AppSettingsTests.swift */; };
		75F7F74A2A22F76E7DD5FA7F /* PlacemarkOutlineTests.swift in Sources */ = {isa = PBXBuildFile; fileRef = 1130F304953358BBBC77EBF4 /* PlacemarkOutlineTests.swift */; };
		79FE9CC4DAD4E6AC71F61C7C /* StyleIcon.swift in Sources */ = {isa = PBXBuildFile; fileRef = 5B3FB7A7B67FD4B5EDEEE4D0 /* StyleIcon.swift */; };
		7C17D7AF7DB5BD63BCAE349E /* AnnotationDiffTests.swift in Sources */ = {isa = PBXBuildFile; fileRef = A09F28F62F4DE83AEA25FE49 /* AnnotationDiffTests.swift */; };
		7C51C96E01D0571B6D589BE2 /* ImportFailureLog.swift in Sources */ = {isa = PBXBuildFile; fileRef = D7A10B44E73E9BAA919BFB29 /* ImportFailureLog.swift */; };
		7F2066256C1A27A0DD79F05C /* PendingImportInbox.swift in Sources */ = {isa = PBXBuildFile; fileRef = 9E5F2457921E73719E222EB2 /* PendingImportInbox.swift */; };
		800CEFB23B94CF77719358CF /* SpotlightIndexer.swift in Sources */ = {isa = PBXBuildFile; fileRef = 78E201306B383217709EFE4F /* SpotlightIndexer.swift */; };
		8254A1DC489B71269EB111D9 /* PlacemarkOutline.swift in Sources */ = {isa = PBXBuildFile; fileRef = B3FEA5614258EF4662A280C7 /* PlacemarkOutline.swift */; };
		84DA65D36A05EC2CAAADDA0B /* AppSettings.swift in Sources */ = {isa = PBXBuildFile; fileRef = CCA47B0705B8C4F7C9E5C555 /* AppSettings.swift */; };
		8802E19715D64F6C6F228D20 /* ImportService.swift in Sources */ = {isa = PBXBuildFile; fileRef = 67D113BB096484B5D6F35E78 /* ImportService.swift */; };
		89516814407A6572DEEBA0B2 /* PlacemarkSearch.swift in Sources */ = {isa = PBXBuildFile; fileRef = 796376A6E3A337DA5374C8F8 /* PlacemarkSearch.swift */; };
		8B2DD0E108BBE92C3CF9A544 /* EntryMetadataTests.swift in Sources */ = {isa = PBXBuildFile; fileRef = EFC273CFA41345085878671A /* EntryMetadataTests.swift */; };
		8F60011D24411A92983E738C /* TagChip.swift in Sources */ = {isa = PBXBuildFile; fileRef = 7D36965BE01F02C77804E0E3 /* TagChip.swift */; };
		917F94E54EC7D0BB7BE68AA3 /* PlacemarkAnnotationsTests.swift in Sources */ = {isa = PBXBuildFile; fileRef = 17B47767B0420A67F2F1E15B /* PlacemarkAnnotationsTests.swift */; };
		920E6353DFA37083EE1778E3 /* CatalogScanner.swift in Sources */ = {isa = PBXBuildFile; fileRef = 557F780F0BF15D15B536A38C /* CatalogScanner.swift */; };
		92EDFE9ED59662CD13EAEE17 /* SafeFilename.swift in Sources */ = {isa = PBXBuildFile; fileRef = 8EC1255B1BAB6BFE548108EC /* SafeFilename.swift */; };
		93D27CA437B54C7ADD9EBB0B /* CatalogEntry.swift in Sources */ = {isa = PBXBuildFile; fileRef = A18C5DA09E6AF227A7B7F0FB /* CatalogEntry.swift */; };
		95FAAAE1CECA0D7F11F24A11 /* SettingsView.swift in Sources */ = {isa = PBXBuildFile; fileRef = 5CC1DDA80B412CBA6F1CDB75 /* SettingsView.swift */; };
		96122FFC81B4BB78789E4169 /* UbiquityContainer.swift in Sources */ = {isa = PBXBuildFile; fileRef = 6E3C64D854AB2BE586FE249F /* UbiquityContainer.swift */; };
		9A2DFF025D14779D3672E555 /* ScaffoldSmokeTests.swift in Sources */ = {isa = PBXBuildFile; fileRef = D5F964C4C296A04864E9216F /* ScaffoldSmokeTests.swift */; };
		9B23A0ADCA6981EBDDD692E2 /* ResourceCache.swift in Sources */ = {isa = PBXBuildFile; fileRef = 1B3DEA41C85B1F7A9EBFC8D2 /* ResourceCache.swift */; };
		9B404575DAB95FCC35084B9A /* RootView.swift in Sources */ = {isa = PBXBuildFile; fileRef = 7614260135550F8A84946717 /* RootView.swift */; };
		9CC76533F05557B7C7A50F6D /* PlacemarkPinImage.swift in Sources */ = {isa = PBXBuildFile; fileRef = 0747FDCDBC6B5EE0094147AC /* PlacemarkPinImage.swift */; };
		A134BA947458E622B0D0A850 /* OverlayBuilder.swift in Sources */ = {isa = PBXBuildFile; fileRef = B1446609BF67A38FF3AC13D3 /* OverlayBuilder.swift */; };
		A15FD8442C12386EB43B24B3 /* HomeView+Sections.swift in Sources */ = {isa = PBXBuildFile; fileRef = 5DB060B2CDAB94B4489BCFB5 /* HomeView+Sections.swift */; };
		A68053E780557EB499658A81 /* TestSupport.swift in Sources */ = {isa = PBXBuildFile; fileRef = 655A424D4B730BB1A7E925B9 /* TestSupport.swift */; };
		A827317FEDDAB05AB25A0FF3 /* KMLColor.swift in Sources */ = {isa = PBXBuildFile; fileRef = 896E616E418AB32AF489D216 /* KMLColor.swift */; };
		A9F2CF71DBC381B073068885 /* AttributedHTMLTests.swift in Sources */ = {isa = PBXBuildFile; fileRef = FC965DCDB878E371839149FB /* AttributedHTMLTests.swift */; };
		AB0C2BA964082566362918EF /* ShareViewController.swift in Sources */ = {isa = PBXBuildFile; fileRef = 5206382147C0AFCBFB66B68F /* ShareViewController.swift */; };
		B4CFD7006DC8380FBB40D7B3 /* PlacemarkIndexTests.swift in Sources */ = {isa = PBXBuildFile; fileRef = 677CCB87A098D02A1D30B160 /* PlacemarkIndexTests.swift */; };
		B92B5B2DDFC1D7E4730286BA /* StorageMigrationTests.swift in Sources */ = {isa = PBXBuildFile; fileRef = 9960702AEDDEEE44077D2F18 /* StorageMigrationTests.swift */; };
		BAE64326E743D82E7E2D7EA8 /* AppCommands.swift in Sources */ = {isa = PBXBuildFile; fileRef = 5F8514DD0FDA58AF2ABA632A /* AppCommands.swift */; };
		BE2FC997A027C67C12EEDA5C /* EmbeddedMapStyle.swift in Sources */ = {isa = PBXBuildFile; fileRef = AA624196D7EA385C79668340 /* EmbeddedMapStyle.swift */; };
		C0022E032D18A972336640BC /* SpotlightIndexerTests.swift in Sources */ = {isa = PBXBuildFile; fileRef = 59C1FBCB3D9996BDC728A02C /* SpotlightIndexerTests.swift */; };
		C4E831B779335BD78F5967D4 /* MapApp.swift in Sources */ = {isa = PBXBuildFile; fileRef = DFDCD9D519EFE17EC6BD38BC /* MapApp.swift */; };
		C59E974530390D8A3EFD8EDF /* PinfoldCore in Frameworks */ = {isa = PBXBuildFile; productRef = F8402AACF3789CE364711F02 /* PinfoldCore */; };
		C781EAA42CDB7F62F198DCB5 /* ImportFailureLogTests.swift in Sources */ = {isa = PBXBuildFile; fileRef = 184320B6DD90FC243314738A /* ImportFailureLogTests.swift */; };
		CD4098701AC52F8D3C962317 /* PhotoGalleryView.swift in Sources */ = {isa = PBXBuildFile; fileRef = A0FD2928ED2455FDB9131D72 /* PhotoGalleryView.swift */; };
		CDDDD6ABD986223C2CD7B3CA /* Rome.kmz in Resources */ = {isa = PBXBuildFile; fileRef = 43F85244A57372E0AC29045E /* Rome.kmz */; };
		CEAB44549014FF3085BDAE19 /* SafeFilenameTests.swift in Sources */ = {isa = PBXBuildFile; fileRef = AE99050FE1B2C3DC65D2CC94 /* SafeFilenameTests.swift */; };
		CF9A404840AC32159930D80E /* MigrationAlertState.swift in Sources */ = {isa = PBXBuildFile; fileRef = F1BF95A4BFE8BEBCBF3CB374 /* MigrationAlertState.swift */; };
		D07B80CC123EFF1C006810FB /* EntrySortTests.swift in Sources */ = {isa = PBXBuildFile; fileRef = BE2354C0E6E5DC4845E6A38D /* EntrySortTests.swift */; };
		DAAA2EFE1D4F0BCCE3D9AD95 /* PinfoldCore in Frameworks */ = {isa = PBXBuildFile; productRef = 447B630B3524BD4572911F86 /* PinfoldCore */; };
		DAE373EC00AF1196EB132237 /* Assets.xcassets in Resources */ = {isa = PBXBuildFile; fileRef = AEDA14D602D79DF828FABBA8 /* Assets.xcassets */; };
		DFC65E5E7CE925EECFEA0416 /* StorageLocationsTests.swift in Sources */ = {isa = PBXBuildFile; fileRef = 5E23EA1A34F76C2F9B4CCA83 /* StorageLocationsTests.swift */; };
		E1B7C5C280445287CBA36B83 /* HomeView.swift in Sources */ = {isa = PBXBuildFile; fileRef = D329C4A95B4355C763092201 /* HomeView.swift */; };
		E573D74520A5305F302597E7 /* ImportCoordinatorTests.swift in Sources */ = {isa = PBXBuildFile; fileRef = 49242F3B5F8605D83414ACC9 /* ImportCoordinatorTests.swift */; };
		EACAD63CA476927B43DE4848 /* AppGroup.swift in Sources */ = {isa = PBXBuildFile; fileRef = AFAEEFFBDA4013FFE7F93AC1 /* AppGroup.swift */; };
		EB8C8C1974BE944D899C00B9 /* FavoritesView.swift in Sources */ = {isa = PBXBuildFile; fileRef = 70D35E0D843428B1A4DA65BF /* FavoritesView.swift */; };
		F027FC439F99946A4F118077 /* PlacemarkDistance.swift in Sources */ = {isa = PBXBuildFile; fileRef = 48FDC17EBCB4F0694849F5A9 /* PlacemarkDistance.swift */; };
		F0F87CEB6C496E428F2506E7 /* MapAppTests.swift in Sources */ = {isa = PBXBuildFile; fileRef = 060B0F1D6CE6D52176AC4B97 /* MapAppTests.swift */; };
		F6297FF69B3E953032BDBF4D /* PrivacyInfo.xcprivacy in Resources */ = {isa = PBXBuildFile; fileRef = 4FFF24F782A797FDE0AC3EEA /* PrivacyInfo.xcprivacy */; };
		FB76A2B6EC5F051953E9E033 /* PinfoldApp.swift in Sources */ = {isa = PBXBuildFile; fileRef = C30CE69256565F2DA9EC962C /* PinfoldApp.swift */; };
		FF07864889D5AEEF58164FCC /* PlacemarkIndex.swift in Sources */ = {isa = PBXBuildFile; fileRef = 26A6FA26F8A8C51D6548C210 /* PlacemarkIndex.swift */; };
/* End PBXBuildFile section */

/* Begin PBXContainerItemProxy section */
		AC7B7A237597200F1BC7ED44 /* PBXContainerItemProxy */ = {
			isa = PBXContainerItemProxy;
			containerPortal = 24D8CE0E02A2B1E2B690B827 /* Project object */;
			proxyType = 1;
			remoteGlobalIDString = 99AF8B293635ABC7FD64A41F;
			remoteInfo = Pinfold;
		};
		F7778B74C218DD27896D5BFB /* PBXContainerItemProxy */ = {
			isa = PBXContainerItemProxy;
			containerPortal = 24D8CE0E02A2B1E2B690B827 /* Project object */;
			proxyType = 1;
			remoteGlobalIDString = 01F3ABEA24A81ED233859DB8;
			remoteInfo = PinfoldShareExtension;
		};
/* End PBXContainerItemProxy section */

/* Begin PBXCopyFilesBuildPhase section */
		E050AB3BD2B48ACDA5036B7B /* Embed Foundation Extensions */ = {
			isa = PBXCopyFilesBuildPhase;
			buildActionMask = 2147483647;
			dstPath = "";
			dstSubfolderSpec = 13;
			files = (
				64DE7F428E039153E00F2D34 /* PinfoldShareExtension.appex in Embed Foundation Extensions */,
			);
			name = "Embed Foundation Extensions";
			runOnlyForDeploymentPostprocessing = 0;
		};
/* End PBXCopyFilesBuildPhase section */

/* Begin PBXFileReference section */
		03AEE282EE426C3B9DFE4E32 /* OverlayBuilderTests.swift */ = {isa = PBXFileReference; lastKnownFileType = sourcecode.swift; path = OverlayBuilderTests.swift; sourceTree = "<group>"; };
		060B0F1D6CE6D52176AC4B97 /* MapAppTests.swift */ = {isa = PBXFileReference; lastKnownFileType = sourcecode.swift; path = MapAppTests.swift; sourceTree = "<group>"; };
		0717B915EAD9D7C75DF73F14 /* ImportCoordinator.swift */ = {isa = PBXFileReference; lastKnownFileType = sourcecode.swift; path = ImportCoordinator.swift; sourceTree = "<group>"; };
		0747FDCDBC6B5EE0094147AC /* PlacemarkPinImage.swift */ = {isa = PBXFileReference; lastKnownFileType = sourcecode.swift; path = PlacemarkPinImage.swift; sourceTree = "<group>"; };
		0A2FD8FFAFD513ED71D78F6A /* PinfoldShareExtension.appex */ = {isa = PBXFileReference; includeInIndex = 0; lastKnownFileType = "wrapper.app-extension"; path = PinfoldShareExtension.appex; sourceTree = BUILT_PRODUCTS_DIR; };
		0CCF11F7AC0809259AAC7ECA /* ShareExtension.entitlements */ = {isa = PBXFileReference; lastKnownFileType = text.plist.entitlements; path = ShareExtension.entitlements; sourceTree = "<group>"; };
		1130F304953358BBBC77EBF4 /* PlacemarkOutlineTests.swift */ = {isa = PBXFileReference; lastKnownFileType = sourcecode.swift; path = PlacemarkOutlineTests.swift; sourceTree = "<group>"; };
		17B47767B0420A67F2F1E15B /* PlacemarkAnnotationsTests.swift */ = {isa = PBXFileReference; lastKnownFileType = sourcecode.swift; path = PlacemarkAnnotationsTests.swift; sourceTree = "<group>"; };
		184320B6DD90FC243314738A /* ImportFailureLogTests.swift */ = {isa = PBXFileReference; lastKnownFileType = sourcecode.swift; path = ImportFailureLogTests.swift; sourceTree = "<group>"; };
		1B3DEA41C85B1F7A9EBFC8D2 /* ResourceCache.swift */ = {isa = PBXFileReference; lastKnownFileType = sourcecode.swift; path = ResourceCache.swift; sourceTree = "<group>"; };
		21D8C7ACD7CFD3160BA2D1F2 /* PinfoldIntents.swift */ = {isa = PBXFileReference; lastKnownFileType = sourcecode.swift; path = PinfoldIntents.swift; sourceTree = "<group>"; };
		2326394BA0E06BD40F94CB79 /* ImportServiceTests.swift */ = {isa = PBXFileReference; lastKnownFileType = sourcecode.swift; path = ImportServiceTests.swift; sourceTree = "<group>"; };
		25E52570566AE40713594FC6 /* AppDependencies.swift */ = {isa = PBXFileReference; lastKnownFileType = sourcecode.swift; path = AppDependencies.swift; sourceTree = "<group>"; };
		26A6FA26F8A8C51D6548C210 /* PlacemarkIndex.swift */ = {isa = PBXFileReference; lastKnownFileType = sourcecode.swift; path = PlacemarkIndex.swift; sourceTree = "<group>"; };
		2B2A52FADD2873E8DCEE30BD /* AttributedHTML.swift */ = {isa = PBXFileReference; lastKnownFileType = sourcecode.swift; path = AttributedHTML.swift; sourceTree = "<group>"; };
		2B711A5BBCC80ADBDAA8BDDF /* PinfoldTests.xctest */ = {isa = PBXFileReference; includeInIndex = 0; lastKnownFileType = wrapper.cfbundle; path = PinfoldTests.xctest; sourceTree = BUILT_PRODUCTS_DIR; };
		30D4AF5FF811F307432DF239 /* MapPickerSheet.swift */ = {isa = PBXFileReference; lastKnownFileType = sourcecode.swift; path = MapPickerSheet.swift; sourceTree = "<group>"; };
		3174007435D80C5645B0BE99 /* StorageLocations.swift */ = {isa = PBXFileReference; lastKnownFileType = sourcecode.swift; path = StorageLocations.swift; sourceTree = "<group>"; };
		33DA2BFA84ADDF1D720F5E0B /* Rome.kml */ = {isa = PBXFileReference; path = Rome.kml; sourceTree = "<group>"; };
		38B03DAFB9182A76BACA30F1 /* MapAppService.swift */ = {isa = PBXFileReference; lastKnownFileType = sourcecode.swift; path = MapAppService.swift; sourceTree = "<group>"; };
		3BE5FC831EA26C15A2F9263E /* PlacemarkRow.swift */ = {isa = PBXFileReference; lastKnownFileType = sourcecode.swift; path = PlacemarkRow.swift; sourceTree = "<group>"; };
		3CA9E85B2D02B7AA59F14439 /* ResourceCacheTests.swift */ = {isa = PBXFileReference; lastKnownFileType = sourcecode.swift; path = ResourceCacheTests.swift; sourceTree = "<group>"; };
		40828677AC377D8079FE6685 /* PlacemarkSearchTests.swift */ = {isa = PBXFileReference; lastKnownFileType = sourcecode.swift; path = PlacemarkSearchTests.swift; sourceTree = "<group>"; };
		419471F0972B00D44B2ACEE8 /* PlacemarkDetailView.swift */ = {isa = PBXFileReference; lastKnownFileType = sourcecode.swift; path = PlacemarkDetailView.swift; sourceTree = "<group>"; };
		43F85244A57372E0AC29045E /* Rome.kmz */ = {isa = PBXFileReference; path = Rome.kmz; sourceTree = "<group>"; };
		48FDC17EBCB4F0694849F5A9 /* PlacemarkDistance.swift */ = {isa = PBXFileReference; lastKnownFileType = sourcecode.swift; path = PlacemarkDistance.swift; sourceTree = "<group>"; };
		49242F3B5F8605D83414ACC9 /* ImportCoordinatorTests.swift */ = {isa = PBXFileReference; lastKnownFileType = sourcecode.swift; path = ImportCoordinatorTests.swift; sourceTree = "<group>"; };
		4DBA989F511E0E902FFC8716 /* CatalogScannerTests.swift */ = {isa = PBXFileReference; lastKnownFileType = sourcecode.swift; path = CatalogScannerTests.swift; sourceTree = "<group>"; };
		4F18D88CE1A133DF9E4F6933 /* Catalog.swift */ = {isa = PBXFileReference; lastKnownFileType = sourcecode.swift; path = Catalog.swift; sourceTree = "<group>"; };
		4FFF24F782A797FDE0AC3EEA /* PrivacyInfo.xcprivacy */ = {isa = PBXFileReference; path = PrivacyInfo.xcprivacy; sourceTree = "<group>"; };
		50F0CA39D98A04A3F3827DAC /* CoordinateFormatter.swift */ = {isa = PBXFileReference; lastKnownFileType = sourcecode.swift; path = CoordinateFormatter.swift; sourceTree = "<group>"; };
		5206382147C0AFCBFB66B68F /* ShareViewController.swift */ = {isa = PBXFileReference; lastKnownFileType = sourcecode.swift; path = ShareViewController.swift; sourceTree = "<group>"; };
		557F780F0BF15D15B536A38C /* CatalogScanner.swift */ = {isa = PBXFileReference; lastKnownFileType = sourcecode.swift; path = CatalogScanner.swift; sourceTree = "<group>"; };
		56D3F54049178B4EC192BEDD /* FileRow.swift */ = {isa = PBXFileReference; lastKnownFileType = sourcecode.swift; path = FileRow.swift; sourceTree = "<group>"; };
		59C1FBCB3D9996BDC728A02C /* SpotlightIndexerTests.swift */ = {isa = PBXFileReference; lastKnownFileType = sourcecode.swift; path = SpotlightIndexerTests.swift; sourceTree = "<group>"; };
		5B3FB7A7B67FD4B5EDEEE4D0 /* StyleIcon.swift */ = {isa = PBXFileReference; lastKnownFileType = sourcecode.swift; path = StyleIcon.swift; sourceTree = "<group>"; };
		5CC1DDA80B412CBA6F1CDB75 /* SettingsView.swift */ = {isa = PBXFileReference; lastKnownFileType = sourcecode.swift; path = SettingsView.swift; sourceTree = "<group>"; };
		5DB060B2CDAB94B4489BCFB5 /* HomeView+Sections.swift */ = {isa = PBXFileReference; lastKnownFileType = sourcecode.swift; path = "HomeView+Sections.swift"; sourceTree = "<group>"; };
		5E23EA1A34F76C2F9B4CCA83 /* StorageLocationsTests.swift */ = {isa = PBXFileReference; lastKnownFileType = sourcecode.swift; path = StorageLocationsTests.swift; sourceTree = "<group>"; };
		5E34F7A47D12BF34FD1A2695 /* PlacemarkMapView.swift */ = {isa = PBXFileReference; lastKnownFileType = sourcecode.swift; path = PlacemarkMapView.swift; sourceTree = "<group>"; };
		5ED865B0014645FE571F05DD /* AppSettingsTests.swift */ = {isa = PBXFileReference; lastKnownFileType = sourcecode.swift; path = AppSettingsTests.swift; sourceTree = "<group>"; };
		5F8514DD0FDA58AF2ABA632A /* AppCommands.swift */ = {isa = PBXFileReference; lastKnownFileType = sourcecode.swift; path = AppCommands.swift; sourceTree = "<group>"; };
		5FF4FE18EEB0FBBE01F63CA7 /* PlacemarkMapSupport.swift */ = {isa = PBXFileReference; lastKnownFileType = sourcecode.swift; path = PlacemarkMapSupport.swift; sourceTree = "<group>"; };
		655A424D4B730BB1A7E925B9 /* TestSupport.swift */ = {isa = PBXFileReference; lastKnownFileType = sourcecode.swift; path = TestSupport.swift; sourceTree = "<group>"; };
		656B2CA8BBBBBF8B78D825BD /* Pinfold.entitlements */ = {isa = PBXFileReference; lastKnownFileType = text.plist.entitlements; path = Pinfold.entitlements; sourceTree = "<group>"; };
		677BB05FF02BC80973568046 /* PlacemarkMapRepresentable.swift */ = {isa = PBXFileReference; lastKnownFileType = sourcecode.swift; path = PlacemarkMapRepresentable.swift; sourceTree = "<group>"; };
		677CCB87A098D02A1D30B160 /* PlacemarkIndexTests.swift */ = {isa = PBXFileReference; lastKnownFileType = sourcecode.swift; path = PlacemarkIndexTests.swift; sourceTree = "<group>"; };
		67D113BB096484B5D6F35E78 /* ImportService.swift */ = {isa = PBXFileReference; lastKnownFileType = sourcecode.swift; path = ImportService.swift; sourceTree = "<group>"; };
		681A714BC561B52C5AE55E14 /* EntrySort.swift */ = {isa = PBXFileReference; lastKnownFileType = sourcecode.swift; path = EntrySort.swift; sourceTree = "<group>"; };
		6E3C64D854AB2BE586FE249F /* UbiquityContainer.swift */ = {isa = PBXFileReference; lastKnownFileType = sourcecode.swift; path = UbiquityContainer.swift; sourceTree = "<group>"; };
		70D35E0D843428B1A4DA65BF /* FavoritesView.swift */ = {isa = PBXFileReference; lastKnownFileType = sourcecode.swift; path = FavoritesView.swift; sourceTree = "<group>"; };
		7614260135550F8A84946717 /* RootView.swift */ = {isa = PBXFileReference; lastKnownFileType = sourcecode.swift; path = RootView.swift; sourceTree = "<group>"; };
		78E201306B383217709EFE4F /* SpotlightIndexer.swift */ = {isa = PBXFileReference; lastKnownFileType = sourcecode.swift; path = SpotlightIndexer.swift; sourceTree = "<group>"; };
		796376A6E3A337DA5374C8F8 /* PlacemarkSearch.swift */ = {isa = PBXFileReference; lastKnownFileType = sourcecode.swift; path = PlacemarkSearch.swift; sourceTree = "<group>"; };
		79EFA45DCB1E16605EBEE9EE /* PinfoldCore */ = {isa = PBXFileReference; lastKnownFileType = folder; name = PinfoldCore; path = PinfoldCore; sourceTree = SOURCE_ROOT; };
		7BE64585772ECAAD18A2E4E0 /* PlacemarkAnnotations.swift */ = {isa = PBXFileReference; lastKnownFileType = sourcecode.swift; path = PlacemarkAnnotations.swift; sourceTree = "<group>"; };
		7D36965BE01F02C77804E0E3 /* TagChip.swift */ = {isa = PBXFileReference; lastKnownFileType = sourcecode.swift; path = TagChip.swift; sourceTree = "<group>"; };
		896E616E418AB32AF489D216 /* KMLColor.swift */ = {isa = PBXFileReference; lastKnownFileType = sourcecode.swift; path = KMLColor.swift; sourceTree = "<group>"; };
		8DBF1290AB7553E804667519 /* iceland-trip-2026.kml */ = {isa = PBXFileReference; path = "iceland-trip-2026.kml"; sourceTree = "<group>"; };
		8EC1255B1BAB6BFE548108EC /* SafeFilename.swift */ = {isa = PBXFileReference; lastKnownFileType = sourcecode.swift; path = SafeFilename.swift; sourceTree = "<group>"; };
		8FA720B8CDA7232D42F6EB86 /* PlacemarkDistanceTests.swift */ = {isa = PBXFileReference; lastKnownFileType = sourcecode.swift; path = PlacemarkDistanceTests.swift; sourceTree = "<group>"; };
		90C24976BE73F96CA884393B /* MapRectBuilderTests.swift */ = {isa = PBXFileReference; lastKnownFileType = sourcecode.swift; path = MapRectBuilderTests.swift; sourceTree = "<group>"; };
		9636CD2D667E307077DA080E /* KMLDetailView.swift */ = {isa = PBXFileReference; lastKnownFileType = sourcecode.swift; path = KMLDetailView.swift; sourceTree = "<group>"; };
		96AD091E28D8E1B31310340E /* KMLColorTests.swift */ = {isa = PBXFileReference; lastKnownFileType = sourcecode.swift; path = KMLColorTests.swift; sourceTree = "<group>"; };
		9960702AEDDEEE44077D2F18 /* StorageMigrationTests.swift */ = {isa = PBXFileReference; lastKnownFileType = sourcecode.swift; path = StorageMigrationTests.swift; sourceTree = "<group>"; };
		9E5F2457921E73719E222EB2 /* PendingImportInbox.swift */ = {isa = PBXFileReference; lastKnownFileType = sourcecode.swift; path = PendingImportInbox.swift; sourceTree = "<group>"; };
		A09F28F62F4DE83AEA25FE49 /* AnnotationDiffTests.swift */ = {isa = PBXFileReference; lastKnownFileType = sourcecode.swift; path = AnnotationDiffTests.swift; sourceTree = "<group>"; };
		A0FD2928ED2455FDB9131D72 /* PhotoGalleryView.swift */ = {isa = PBXFileReference; lastKnownFileType = sourcecode.swift; path = PhotoGalleryView.swift; sourceTree = "<group>"; };
		A18C5DA09E6AF227A7B7F0FB /* CatalogEntry.swift */ = {isa = PBXFileReference; lastKnownFileType = sourcecode.swift; path = CatalogEntry.swift; sourceTree = "<group>"; };
		A7928AB62BC6A0A3AB3C8C90 /* Munich Sole.kml */ = {isa = PBXFileReference; path = "Munich Sole.kml"; sourceTree = "<group>"; };
		AA624196D7EA385C79668340 /* EmbeddedMapStyle.swift */ = {isa = PBXFileReference; lastKnownFileType = sourcecode.swift; path = EmbeddedMapStyle.swift; sourceTree = "<group>"; };
		AA86BA33EF6BA5D8B5FE51D8 /* Pinfold.app */ = {isa = PBXFileReference; includeInIndex = 0; lastKnownFileType = wrapper.application; path = Pinfold.app; sourceTree = BUILT_PRODUCTS_DIR; };
		ACA538B190EA01F5CB2ADE8A /* Info.plist */ = {isa = PBXFileReference; lastKnownFileType = text.plist; path = Info.plist; sourceTree = "<group>"; };
		AE99050FE1B2C3DC65D2CC94 /* SafeFilenameTests.swift */ = {isa = PBXFileReference; lastKnownFileType = sourcecode.swift; path = SafeFilenameTests.swift; sourceTree = "<group>"; };
		AEDA14D602D79DF828FABBA8 /* Assets.xcassets */ = {isa = PBXFileReference; lastKnownFileType = folder.assetcatalog; path = Assets.xcassets; sourceTree = "<group>"; };
		AFAEEFFBDA4013FFE7F93AC1 /* AppGroup.swift */ = {isa = PBXFileReference; lastKnownFileType = sourcecode.swift; path = AppGroup.swift; sourceTree = "<group>"; };
		B0CCAADD985467F94D9927DD /* CatalogTests.swift */ = {isa = PBXFileReference; lastKnownFileType = sourcecode.swift; path = CatalogTests.swift; sourceTree = "<group>"; };
		B1446609BF67A38FF3AC13D3 /* OverlayBuilder.swift */ = {isa = PBXFileReference; lastKnownFileType = sourcecode.swift; path = OverlayBuilder.swift; sourceTree = "<group>"; };
		B3FEA5614258EF4662A280C7 /* PlacemarkOutline.swift */ = {isa = PBXFileReference; lastKnownFileType = sourcecode.swift; path = PlacemarkOutline.swift; sourceTree = "<group>"; };
		BA1DB26A303C33B89F485D65 /* MapUserLocationTests.swift */ = {isa = PBXFileReference; lastKnownFileType = sourcecode.swift; path = MapUserLocationTests.swift; sourceTree = "<group>"; };
		BE2354C0E6E5DC4845E6A38D /* EntrySortTests.swift */ = {isa = PBXFileReference; lastKnownFileType = sourcecode.swift; path = EntrySortTests.swift; sourceTree = "<group>"; };
		BF408B189935735D399B70B0 /* CoordinateFormatterTests.swift */ = {isa = PBXFileReference; lastKnownFileType = sourcecode.swift; path = CoordinateFormatterTests.swift; sourceTree = "<group>"; };
		BFF76306C1EF070BEEF36A66 /* PendingImportInboxTests.swift */ = {isa = PBXFileReference; lastKnownFileType = sourcecode.swift; path = PendingImportInboxTests.swift; sourceTree = "<group>"; };
		C30CE69256565F2DA9EC962C /* PinfoldApp.swift */ = {isa = PBXFileReference; lastKnownFileType = sourcecode.swift; path = PinfoldApp.swift; sourceTree = "<group>"; };
		C4443D7A25E04BFA90E42E5A /* EnvironmentKeys.swift */ = {isa = PBXFileReference; lastKnownFileType = sourcecode.swift; path = EnvironmentKeys.swift; sourceTree = "<group>"; };
		CC35B21ABE5D0EB62EDA36FA /* MapRectBuilder.swift */ = {isa = PBXFileReference; lastKnownFileType = sourcecode.swift; path = MapRectBuilder.swift; sourceTree = "<group>"; };
		CCA47B0705B8C4F7C9E5C555 /* AppSettings.swift */ = {isa = PBXFileReference; lastKnownFileType = sourcecode.swift; path = AppSettings.swift; sourceTree = "<group>"; };
		D31BD1616C2D93F7DD6ACE27 /* Info.plist */ = {isa = PBXFileReference; lastKnownFileType = text.plist; path = Info.plist; sourceTree = "<group>"; };
		D329C4A95B4355C763092201 /* HomeView.swift */ = {isa = PBXFileReference; lastKnownFileType = sourcecode.swift; path = HomeView.swift; sourceTree = "<group>"; };
		D5F964C4C296A04864E9216F /* ScaffoldSmokeTests.swift */ = {isa = PBXFileReference; lastKnownFileType = sourcecode.swift; path = ScaffoldSmokeTests.swift; sourceTree = "<group>"; };
		D7A10B44E73E9BAA919BFB29 /* ImportFailureLog.swift */ = {isa = PBXFileReference; lastKnownFileType = sourcecode.swift; path = ImportFailureLog.swift; sourceTree = "<group>"; };
		DFDCD9D519EFE17EC6BD38BC /* MapApp.swift */ = {isa = PBXFileReference; lastKnownFileType = sourcecode.swift; path = MapApp.swift; sourceTree = "<group>"; };
		E589C405CFF29D7649DECD2B /* CatalogWatcher.swift */ = {isa = PBXFileReference; lastKnownFileType = sourcecode.swift; path = CatalogWatcher.swift; sourceTree = "<group>"; };
		E5A9E2895F571AEF0BD6808F /* EntryMetadata.swift */ = {isa = PBXFileReference; lastKnownFileType = sourcecode.swift; path = EntryMetadata.swift; sourceTree = "<group>"; };
		EFC273CFA41345085878671A /* EntryMetadataTests.swift */ = {isa = PBXFileReference; lastKnownFileType = sourcecode.swift; path = EntryMetadataTests.swift; sourceTree = "<group>"; };
		F1BF95A4BFE8BEBCBF3CB374 /* MigrationAlertState.swift */ = {isa = PBXFileReference; lastKnownFileType = sourcecode.swift; path = MigrationAlertState.swift; sourceTree = "<group>"; };
		F82CBFDE3EFB9F73E6B01496 /* LocationAuthorization.swift */ = {isa = PBXFileReference; lastKnownFileType = sourcecode.swift; path = LocationAuthorization.swift; sourceTree = "<group>"; };
		FC928D430A281D51B74DD09E /* PlacemarkPinImageTests.swift */ = {isa = PBXFileReference; lastKnownFileType = sourcecode.swift; path = PlacemarkPinImageTests.swift; sourceTree = "<group>"; };
		FC965DCDB878E371839149FB /* AttributedHTMLTests.swift */ = {isa = PBXFileReference; lastKnownFileType = sourcecode.swift; path = AttributedHTMLTests.swift; sourceTree = "<group>"; };
/* End PBXFileReference section */

/* Begin PBXFrameworksBuildPhase section */
		33A9B358B42B979FBCF5905E /* Frameworks */ = {
			isa = PBXFrameworksBuildPhase;
			buildActionMask = 2147483647;
			files = (
				C59E974530390D8A3EFD8EDF /* PinfoldCore in Frameworks */,
			);
			runOnlyForDeploymentPostprocessing = 0;
		};
		C81FFCA5A9F1D0361824A142 /* Frameworks */ = {
			isa = PBXFrameworksBuildPhase;
			buildActionMask = 2147483647;
			files = (
				DAAA2EFE1D4F0BCCE3D9AD95 /* PinfoldCore in Frameworks */,
			);
			runOnlyForDeploymentPostprocessing = 0;
		};
		F49CDAC0C6B61C111FCAD8DA /* Frameworks */ = {
			isa = PBXFrameworksBuildPhase;
			buildActionMask = 2147483647;
			files = (
				20AD8198C822D81122FBC967 /* PinfoldCore in Frameworks */,
			);
			runOnlyForDeploymentPostprocessing = 0;
		};
/* End PBXFrameworksBuildPhase section */

/* Begin PBXGroup section */
		18EF342D4CB1657AFDABCFCC /* Products */ = {
			isa = PBXGroup;
			children = (
				AA86BA33EF6BA5D8B5FE51D8 /* Pinfold.app */,
				0A2FD8FFAFD513ED71D78F6A /* PinfoldShareExtension.appex */,
				2B711A5BBCC80ADBDAA8BDDF /* PinfoldTests.xctest */,
			);
			name = Products;
			sourceTree = "<group>";
		};
		1B8B2101B7AD4DF98BE8C46D /* AppTests */ = {
			isa = PBXGroup;
			children = (
				96C4B09D75F35DEB8CB3A28F /* Fixtures */,
				A09F28F62F4DE83AEA25FE49 /* AnnotationDiffTests.swift */,
				5ED865B0014645FE571F05DD /* AppSettingsTests.swift */,
				FC965DCDB878E371839149FB /* AttributedHTMLTests.swift */,
				4DBA989F511E0E902FFC8716 /* CatalogScannerTests.swift */,
				B0CCAADD985467F94D9927DD /* CatalogTests.swift */,
				BF408B189935735D399B70B0 /* CoordinateFormatterTests.swift */,
				EFC273CFA41345085878671A /* EntryMetadataTests.swift */,
				BE2354C0E6E5DC4845E6A38D /* EntrySortTests.swift */,
				49242F3B5F8605D83414ACC9 /* ImportCoordinatorTests.swift */,
				184320B6DD90FC243314738A /* ImportFailureLogTests.swift */,
				2326394BA0E06BD40F94CB79 /* ImportServiceTests.swift */,
				96AD091E28D8E1B31310340E /* KMLColorTests.swift */,
				060B0F1D6CE6D52176AC4B97 /* MapAppTests.swift */,
				90C24976BE73F96CA884393B /* MapRectBuilderTests.swift */,
				BA1DB26A303C33B89F485D65 /* MapUserLocationTests.swift */,
				03AEE282EE426C3B9DFE4E32 /* OverlayBuilderTests.swift */,
				BFF76306C1EF070BEEF36A66 /* PendingImportInboxTests.swift */,
				17B47767B0420A67F2F1E15B /* PlacemarkAnnotationsTests.swift */,
				8FA720B8CDA7232D42F6EB86 /* PlacemarkDistanceTests.swift */,
				677CCB87A098D02A1D30B160 /* PlacemarkIndexTests.swift */,
				1130F304953358BBBC77EBF4 /* PlacemarkOutlineTests.swift */,
				FC928D430A281D51B74DD09E /* PlacemarkPinImageTests.swift */,
				40828677AC377D8079FE6685 /* PlacemarkSearchTests.swift */,
				3CA9E85B2D02B7AA59F14439 /* ResourceCacheTests.swift */,
				AE99050FE1B2C3DC65D2CC94 /* SafeFilenameTests.swift */,
				D5F964C4C296A04864E9216F /* ScaffoldSmokeTests.swift */,
				59C1FBCB3D9996BDC728A02C /* SpotlightIndexerTests.swift */,
				5E23EA1A34F76C2F9B4CCA83 /* StorageLocationsTests.swift */,
				9960702AEDDEEE44077D2F18 /* StorageMigrationTests.swift */,
				655A424D4B730BB1A7E925B9 /* TestSupport.swift */,
			);
			path = AppTests;
			sourceTree = "<group>";
		};
		2B67AD60AFCBFEC7AE7EDE2C /* Maps */ = {
			isa = PBXGroup;
			children = (
				DFDCD9D519EFE17EC6BD38BC /* MapApp.swift */,
				38B03DAFB9182A76BACA30F1 /* MapAppService.swift */,
			);
			path = Maps;
			sourceTree = "<group>";
		};
		369A2472AE4F942296937686 /* App */ = {
			isa = PBXGroup;
			children = (
				B3E3A7AF59D7ED5437C5A93C /* Intents */,
				2B67AD60AFCBFEC7AE7EDE2C /* Maps */,
				E069E9B7AC0C83580BBA5687 /* Model */,
				D8A8B6672A3F0EA9B94B7107 /* Services */,
				473240DA94ECF10E5488056B /* Support */,
				E5B58F5304C6C00B87A6A027 /* Views */,
				AEDA14D602D79DF828FABBA8 /* Assets.xcassets */,
				ACA538B190EA01F5CB2ADE8A /* Info.plist */,
				656B2CA8BBBBBF8B78D825BD /* Pinfold.entitlements */,
				C30CE69256565F2DA9EC962C /* PinfoldApp.swift */,
				4FFF24F782A797FDE0AC3EEA /* PrivacyInfo.xcprivacy */,
			);
			path = App;
			sourceTree = "<group>";
		};
		473240DA94ECF10E5488056B /* Support */ = {
			isa = PBXGroup;
			children = (
				AFAEEFFBDA4013FFE7F93AC1 /* AppGroup.swift */,
				2B2A52FADD2873E8DCEE30BD /* AttributedHTML.swift */,
				50F0CA39D98A04A3F3827DAC /* CoordinateFormatter.swift */,
				C4443D7A25E04BFA90E42E5A /* EnvironmentKeys.swift */,
				896E616E418AB32AF489D216 /* KMLColor.swift */,
				F82CBFDE3EFB9F73E6B01496 /* LocationAuthorization.swift */,
				CC35B21ABE5D0EB62EDA36FA /* MapRectBuilder.swift */,
				B1446609BF67A38FF3AC13D3 /* OverlayBuilder.swift */,
				48FDC17EBCB4F0694849F5A9 /* PlacemarkDistance.swift */,
				B3FEA5614258EF4662A280C7 /* PlacemarkOutline.swift */,
				0747FDCDBC6B5EE0094147AC /* PlacemarkPinImage.swift */,
				796376A6E3A337DA5374C8F8 /* PlacemarkSearch.swift */,
				8EC1255B1BAB6BFE548108EC /* SafeFilename.swift */,
				6E3C64D854AB2BE586FE249F /* UbiquityContainer.swift */,
			);
			path = Support;
			sourceTree = "<group>";
		};
		888A9EEA54D1C17189FD2840 /* Packages */ = {
			isa = PBXGroup;
			children = (
				79EFA45DCB1E16605EBEE9EE /* PinfoldCore */,
			);
			name = Packages;
			sourceTree = "<group>";
		};
		90887C50F4F1F8CF271AF674 /* ShareExtension */ = {
			isa = PBXGroup;
			children = (
				D31BD1616C2D93F7DD6ACE27 /* Info.plist */,
				0CCF11F7AC0809259AAC7ECA /* ShareExtension.entitlements */,
				5206382147C0AFCBFB66B68F /* ShareViewController.swift */,
			);
			path = ShareExtension;
			sourceTree = "<group>";
		};
		96C4B09D75F35DEB8CB3A28F /* Fixtures */ = {
			isa = PBXGroup;
			children = (
				8DBF1290AB7553E804667519 /* iceland-trip-2026.kml */,
				A7928AB62BC6A0A3AB3C8C90 /* Munich Sole.kml */,
				33DA2BFA84ADDF1D720F5E0B /* Rome.kml */,
				43F85244A57372E0AC29045E /* Rome.kmz */,
			);
			path = Fixtures;
			sourceTree = "<group>";
		};
		B3E3A7AF59D7ED5437C5A93C /* Intents */ = {
			isa = PBXGroup;
			children = (
				25E52570566AE40713594FC6 /* AppDependencies.swift */,
				21D8C7ACD7CFD3160BA2D1F2 /* PinfoldIntents.swift */,
			);
			path = Intents;
			sourceTree = "<group>";
		};
		B3F0AD872C3D3F46313C1904 = {
			isa = PBXGroup;
			children = (
				369A2472AE4F942296937686 /* App */,
				1B8B2101B7AD4DF98BE8C46D /* AppTests */,
				888A9EEA54D1C17189FD2840 /* Packages */,
				90887C50F4F1F8CF271AF674 /* ShareExtension */,
				18EF342D4CB1657AFDABCFCC /* Products */,
			);
			sourceTree = "<group>";
		};
		D8A8B6672A3F0EA9B94B7107 /* Services */ = {
			isa = PBXGroup;
			children = (
				4F18D88CE1A133DF9E4F6933 /* Catalog.swift */,
				557F780F0BF15D15B536A38C /* CatalogScanner.swift */,
				E589C405CFF29D7649DECD2B /* CatalogWatcher.swift */,
				0717B915EAD9D7C75DF73F14 /* ImportCoordinator.swift */,
				D7A10B44E73E9BAA919BFB29 /* ImportFailureLog.swift */,
				67D113BB096484B5D6F35E78 /* ImportService.swift */,
				9E5F2457921E73719E222EB2 /* PendingImportInbox.swift */,
				7BE64585772ECAAD18A2E4E0 /* PlacemarkAnnotations.swift */,
				26A6FA26F8A8C51D6548C210 /* PlacemarkIndex.swift */,
				1B3DEA41C85B1F7A9EBFC8D2 /* ResourceCache.swift */,
				78E201306B383217709EFE4F /* SpotlightIndexer.swift */,
			);
			path = Services;
			sourceTree = "<group>";
		};
		E069E9B7AC0C83580BBA5687 /* Model */ = {
			isa = PBXGroup;
			children = (
				5F8514DD0FDA58AF2ABA632A /* AppCommands.swift */,
				CCA47B0705B8C4F7C9E5C555 /* AppSettings.swift */,
				A18C5DA09E6AF227A7B7F0FB /* CatalogEntry.swift */,
				E5A9E2895F571AEF0BD6808F /* EntryMetadata.swift */,
				681A714BC561B52C5AE55E14 /* EntrySort.swift */,
				F1BF95A4BFE8BEBCBF3CB374 /* MigrationAlertState.swift */,
				3174007435D80C5645B0BE99 /* StorageLocations.swift */,
			);
			path = Model;
			sourceTree = "<group>";
		};
		E5B58F5304C6C00B87A6A027 /* Views */ = {
			isa = PBXGroup;
			children = (
				AA624196D7EA385C79668340 /* EmbeddedMapStyle.swift */,
				70D35E0D843428B1A4DA65BF /* FavoritesView.swift */,
				56D3F54049178B4EC192BEDD /* FileRow.swift */,
				D329C4A95B4355C763092201 /* HomeView.swift */,
				5DB060B2CDAB94B4489BCFB5 /* HomeView+Sections.swift */,
				9636CD2D667E307077DA080E /* KMLDetailView.swift */,
				30D4AF5FF811F307432DF239 /* MapPickerSheet.swift */,
				A0FD2928ED2455FDB9131D72 /* PhotoGalleryView.swift */,
				419471F0972B00D44B2ACEE8 /* PlacemarkDetailView.swift */,
				677BB05FF02BC80973568046 /* PlacemarkMapRepresentable.swift */,
				5FF4FE18EEB0FBBE01F63CA7 /* PlacemarkMapSupport.swift */,
				5E34F7A47D12BF34FD1A2695 /* PlacemarkMapView.swift */,
				3BE5FC831EA26C15A2F9263E /* PlacemarkRow.swift */,
				7614260135550F8A84946717 /* RootView.swift */,
				5CC1DDA80B412CBA6F1CDB75 /* SettingsView.swift */,
				5B3FB7A7B67FD4B5EDEEE4D0 /* StyleIcon.swift */,
				7D36965BE01F02C77804E0E3 /* TagChip.swift */,
			);
			path = Views;
			sourceTree = "<group>";
		};
/* End PBXGroup section */

/* Begin PBXNativeTarget section */
		01F3ABEA24A81ED233859DB8 /* PinfoldShareExtension */ = {
			isa = PBXNativeTarget;
			buildConfigurationList = 074D98E554A659F1A194570E /* Build configuration list for PBXNativeTarget "PinfoldShareExtension" */;
			buildPhases = (
				27BAAB1DB6FCD4AC26EA892E /* Sources */,
				C81FFCA5A9F1D0361824A142 /* Frameworks */,
			);
			buildRules = (
			);
			dependencies = (
			);
			name = PinfoldShareExtension;
			packageProductDependencies = (
				447B630B3524BD4572911F86 /* PinfoldCore */,
			);
			productName = PinfoldShareExtension;
			productReference = 0A2FD8FFAFD513ED71D78F6A /* PinfoldShareExtension.appex */;
			productType = "com.apple.product-type.app-extension";
		};
		2A4FBFB098D6079BE058F979 /* PinfoldTests */ = {
			isa = PBXNativeTarget;
			buildConfigurationList = 604D5914272629C04EA6ED22 /* Build configuration list for PBXNativeTarget "PinfoldTests" */;
			buildPhases = (
				C681A8594DD516678D33C0CE /* Sources */,
				F03716F8461285BFDA8442BF /* Resources */,
				F49CDAC0C6B61C111FCAD8DA /* Frameworks */,
			);
			buildRules = (
			);
			dependencies = (
				D92636F2F3E2BAB36F5097E1 /* PBXTargetDependency */,
			);
			name = PinfoldTests;
			packageProductDependencies = (
				B9F587C6B080A1B024B0A825 /* PinfoldCore */,
			);
			productName = PinfoldTests;
			productReference = 2B711A5BBCC80ADBDAA8BDDF /* PinfoldTests.xctest */;
			productType = "com.apple.product-type.bundle.unit-test";
		};
		99AF8B293635ABC7FD64A41F /* Pinfold */ = {
			isa = PBXNativeTarget;
			buildConfigurationList = E6FBE2DCBBCBAB752EC42662 /* Build configuration list for PBXNativeTarget "Pinfold" */;
			buildPhases = (
				B0238B98AFF06E762E5297EC /* Sources */,
				28ED87DA93328F07275EFF5B /* Resources */,
				33A9B358B42B979FBCF5905E /* Frameworks */,
				E050AB3BD2B48ACDA5036B7B /* Embed Foundation Extensions */,
			);
			buildRules = (
			);
			dependencies = (
				4D11B296220720AF011E9490 /* PBXTargetDependency */,
			);
			name = Pinfold;
			packageProductDependencies = (
				F8402AACF3789CE364711F02 /* PinfoldCore */,
			);
			productName = Pinfold;
			productReference = AA86BA33EF6BA5D8B5FE51D8 /* Pinfold.app */;
			productType = "com.apple.product-type.application";
		};
/* End PBXNativeTarget section */

/* Begin PBXProject section */
		24D8CE0E02A2B1E2B690B827 /* Project object */ = {
			isa = PBXProject;
			attributes = {
				BuildIndependentTargetsInParallel = YES;
				LastUpgradeCheck = 1430;
				TargetAttributes = {
					01F3ABEA24A81ED233859DB8 = {
						DevelopmentTeam = 3YS4G5GH27;
						ProvisioningStyle = Automatic;
					};
					2A4FBFB098D6079BE058F979 = {
						DevelopmentTeam = 3YS4G5GH27;
						ProvisioningStyle = Automatic;
					};
					99AF8B293635ABC7FD64A41F = {
						DevelopmentTeam = 3YS4G5GH27;
						ProvisioningStyle = Automatic;
					};
				};
			};
			buildConfigurationList = 79491BB4C3FE74E8FA990B0E /* Build configuration list for PBXProject "Pinfold" */;
			developmentRegion = en;
			hasScannedForEncodings = 0;
			knownRegions = (
				Base,
				en,
			);
			mainGroup = B3F0AD872C3D3F46313C1904;
			minimizedProjectReferenceProxies = 1;
			packageReferences = (
				F8138D60BC8E233C5C402CA5 /* XCLocalSwiftPackageReference "PinfoldCore" */,
			);
			preferredProjectObjectVersion = 77;
			productRefGroup = 18EF342D4CB1657AFDABCFCC /* Products */;
			projectDirPath = "";
			projectRoot = "";
			targets = (
				99AF8B293635ABC7FD64A41F /* Pinfold */,
				01F3ABEA24A81ED233859DB8 /* PinfoldShareExtension */,
				2A4FBFB098D6079BE058F979 /* PinfoldTests */,
			);
		};
/* End PBXProject section */

/* Begin PBXResourcesBuildPhase section */
		28ED87DA93328F07275EFF5B /* Resources */ = {
			isa = PBXResourcesBuildPhase;
			buildActionMask = 2147483647;
			files = (
				DAE373EC00AF1196EB132237 /* Assets.xcassets in Resources */,
				F6297FF69B3E953032BDBF4D /* PrivacyInfo.xcprivacy in Resources */,
			);
			runOnlyForDeploymentPostprocessing = 0;
		};
		F03716F8461285BFDA8442BF /* Resources */ = {
			isa = PBXResourcesBuildPhase;
			buildActionMask = 2147483647;
			files = (
				22FB096D1FC3BDFFA65EB957 /* Munich Sole.kml in Resources */,
				53B82EE468E8D7A452343A2E /* Rome.kml in Resources */,
				CDDDD6ABD986223C2CD7B3CA /* Rome.kmz in Resources */,
				2B9F4EDACAC3C9A16A04D805 /* iceland-trip-2026.kml in Resources */,
			);
			runOnlyForDeploymentPostprocessing = 0;
		};
/* End PBXResourcesBuildPhase section */

/* Begin PBXSourcesBuildPhase section */
		27BAAB1DB6FCD4AC26EA892E /* Sources */ = {
			isa = PBXSourcesBuildPhase;
			buildActionMask = 2147483647;
			files = (
				57FB77E95171B3CB7338E510 /* SafeFilename.swift in Sources */,
				AB0C2BA964082566362918EF /* ShareViewController.swift in Sources */,
			);
			runOnlyForDeploymentPostprocessing = 0;
		};
		B0238B98AFF06E762E5297EC /* Sources */ = {
			isa = PBXSourcesBuildPhase;
			buildActionMask = 2147483647;
			files = (
				BAE64326E743D82E7E2D7EA8 /* AppCommands.swift in Sources */,
				3232852544F83E2194E6BCC3 /* AppDependencies.swift in Sources */,
				EACAD63CA476927B43DE4848 /* AppGroup.swift in Sources */,
				84DA65D36A05EC2CAAADDA0B /* AppSettings.swift in Sources */,
				5D87F45715E2755AC5C45EB3 /* AttributedHTML.swift in Sources */,
				1683FEABFDC627EF389A6471 /* Catalog.swift in Sources */,
				93D27CA437B54C7ADD9EBB0B /* CatalogEntry.swift in Sources */,
				920E6353DFA37083EE1778E3 /* CatalogScanner.swift in Sources */,
				05C12375FDAA7EBC3B51A099 /* CatalogWatcher.swift in Sources */,
				5C65653C45311C3C476FDBBE /* CoordinateFormatter.swift in Sources */,
				BE2FC997A027C67C12EEDA5C /* EmbeddedMapStyle.swift in Sources */,
				35E84A5266ADCB10D629656E /* EntryMetadata.swift in Sources */,
				62324DDF738B211EE4393F19 /* EntrySort.swift in Sources */,
				71AAEE3794D770BAF502CC87 /* EnvironmentKeys.swift in Sources */,
				EB8C8C1974BE944D899C00B9 /* FavoritesView.swift in Sources */,
				40D1F899EF3E1A2C4DFB68D5 /* FileRow.swift in Sources */,
				A15FD8442C12386EB43B24B3 /* HomeView+Sections.swift in Sources */,
				E1B7C5C280445287CBA36B83 /* HomeView.swift in Sources */,
				2FCE6CFF43FC1EE38B37AF8E /* ImportCoordinator.swift in Sources */,
				7C51C96E01D0571B6D589BE2 /* ImportFailureLog.swift in Sources */,
				8802E19715D64F6C6F228D20 /* ImportService.swift in Sources */,
				A827317FEDDAB05AB25A0FF3 /* KMLColor.swift in Sources */,
				15163B7411744883CDEB83AE /* KMLDetailView.swift in Sources */,
				4FB2AF1D2180A7C8DA7C6243 /* LocationAuthorization.swift in Sources */,
				C4E831B779335BD78F5967D4 /* MapApp.swift in Sources */,
				5F25D8F24318AF58EA3F1D52 /* MapAppService.swift in Sources */,
				6E06F4CC96D6B13BEE4016AD /* MapPickerSheet.swift in Sources */,
				3C53CF3043917D4DDCDE139E /* MapRectBuilder.swift in Sources */,
				CF9A404840AC32159930D80E /* MigrationAlertState.swift in Sources */,
				A134BA947458E622B0D0A850 /* OverlayBuilder.swift in Sources */,
				7F2066256C1A27A0DD79F05C /* PendingImportInbox.swift in Sources */,
				CD4098701AC52F8D3C962317 /* PhotoGalleryView.swift in Sources */,
				FB76A2B6EC5F051953E9E033 /* PinfoldApp.swift in Sources */,
				6625EA9E41C38568808CB159 /* PinfoldIntents.swift in Sources */,
				6C210314449EF164E533F59C /* PlacemarkAnnotations.swift in Sources */,
				4FD8690EA1B1517A1A28ACA6 /* PlacemarkDetailView.swift in Sources */,
				F027FC439F99946A4F118077 /* PlacemarkDistance.swift in Sources */,
				FF07864889D5AEEF58164FCC /* PlacemarkIndex.swift in Sources */,
				4522EB0E3DC98F81B0DB28D0 /* PlacemarkMapRepresentable.swift in Sources */,
				05D1BE629CE3A89BD6CEF78E /* PlacemarkMapSupport.swift in Sources */,
				414E931120085CB1C79BDDB5 /* PlacemarkMapView.swift in Sources */,
				8254A1DC489B71269EB111D9 /* PlacemarkOutline.swift in Sources */,
				9CC76533F05557B7C7A50F6D /* PlacemarkPinImage.swift in Sources */,
				0A7D11AFA4ED76E8100F1BE5 /* PlacemarkRow.swift in Sources */,
				89516814407A6572DEEBA0B2 /* PlacemarkSearch.swift in Sources */,
				9B23A0ADCA6981EBDDD692E2 /* ResourceCache.swift in Sources */,
				9B404575DAB95FCC35084B9A /* RootView.swift in Sources */,
				92EDFE9ED59662CD13EAEE17 /* SafeFilename.swift in Sources */,
				95FAAAE1CECA0D7F11F24A11 /* SettingsView.swift in Sources */,
				800CEFB23B94CF77719358CF /* SpotlightIndexer.swift in Sources */,
				136C1C9B8EF839D4DE47807F /* StorageLocations.swift in Sources */,
				79FE9CC4DAD4E6AC71F61C7C /* StyleIcon.swift in Sources */,
				8F60011D24411A92983E738C /* TagChip.swift in Sources */,
				96122FFC81B4BB78789E4169 /* UbiquityContainer.swift in Sources */,
			);
			runOnlyForDeploymentPostprocessing = 0;
		};
		C681A8594DD516678D33C0CE /* Sources */ = {
			isa = PBXSourcesBuildPhase;
			buildActionMask = 2147483647;
			files = (
				7C17D7AF7DB5BD63BCAE349E /* AnnotationDiffTests.swift in Sources */,
				75C7B172A51F8CA72B9E4B53 /* AppSettingsTests.swift in Sources */,
				A9F2CF71DBC381B073068885 /* AttributedHTMLTests.swift in Sources */,
				629B85A85C023B312BAE9577 /* CatalogScannerTests.swift in Sources */,
				24D445536BDBF2E489DA53F0 /* CatalogTests.swift in Sources */,
				0A8D8185E2416A309D1E8F53 /* CoordinateFormatterTests.swift in Sources */,
				8B2DD0E108BBE92C3CF9A544 /* EntryMetadataTests.swift in Sources */,
				D07B80CC123EFF1C006810FB /* EntrySortTests.swift in Sources */,
				E573D74520A5305F302597E7 /* ImportCoordinatorTests.swift in Sources */,
				C781EAA42CDB7F62F198DCB5 /* ImportFailureLogTests.swift in Sources */,
				53D3CCB8438ACE9D0F120D8E /* ImportServiceTests.swift in Sources */,
				1AF91E47E72B56F85F3EDD76 /* KMLColorTests.swift in Sources */,
				F0F87CEB6C496E428F2506E7 /* MapAppTests.swift in Sources */,
				382051371F92E417F0BCD8BA /* MapRectBuilderTests.swift in Sources */,
				27B507F1EF8CAB6D35C164A7 /* MapUserLocationTests.swift in Sources */,
				4757A4BD68C303609FFEC942 /* OverlayBuilderTests.swift in Sources */,
				42B8AAD349EC20AD2DDD5078 /* PendingImportInboxTests.swift in Sources */,
				917F94E54EC7D0BB7BE68AA3 /* PlacemarkAnnotationsTests.swift in Sources */,
				5E9DA8E8FDF903477B48B36D /* PlacemarkDistanceTests.swift in Sources */,
				B4CFD7006DC8380FBB40D7B3 /* PlacemarkIndexTests.swift in Sources */,
				75F7F74A2A22F76E7DD5FA7F /* PlacemarkOutlineTests.swift in Sources */,
				359B903A36422C64B3E0622C /* PlacemarkPinImageTests.swift in Sources */,
				731CB609C56EF90B59EC6BD6 /* PlacemarkSearchTests.swift in Sources */,
				454BB0D78C27055691C06EFF /* ResourceCacheTests.swift in Sources */,
				CEAB44549014FF3085BDAE19 /* SafeFilenameTests.swift in Sources */,
				9A2DFF025D14779D3672E555 /* ScaffoldSmokeTests.swift in Sources */,
				C0022E032D18A972336640BC /* SpotlightIndexerTests.swift in Sources */,
				DFC65E5E7CE925EECFEA0416 /* StorageLocationsTests.swift in Sources */,
				B92B5B2DDFC1D7E4730286BA /* StorageMigrationTests.swift in Sources */,
				A68053E780557EB499658A81 /* TestSupport.swift in Sources */,
			);
			runOnlyForDeploymentPostprocessing = 0;
		};
/* End PBXSourcesBuildPhase section */

/* Begin PBXTargetDependency section */
		4D11B296220720AF011E9490 /* PBXTargetDependency */ = {
			isa = PBXTargetDependency;
			target = 01F3ABEA24A81ED233859DB8 /* PinfoldShareExtension */;
			targetProxy = F7778B74C218DD27896D5BFB /* PBXContainerItemProxy */;
		};
		D92636F2F3E2BAB36F5097E1 /* PBXTargetDependency */ = {
			isa = PBXTargetDependency;
			target = 99AF8B293635ABC7FD64A41F /* Pinfold */;
			targetProxy = AC7B7A237597200F1BC7ED44 /* PBXContainerItemProxy */;
		};
/* End PBXTargetDependency section */

/* Begin XCBuildConfiguration section */
		071E672DF8AF645C7294292D /* Debug */ = {
			isa = XCBuildConfiguration;
			buildSettings = {
				BUNDLE_LOADER = "$(TEST_HOST)";
				GENERATE_INFOPLIST_FILE = YES;
				LD_RUNPATH_SEARCH_PATHS = (
					"$(inherited)",
					"@executable_path/Frameworks",
					"@loader_path/Frameworks",
				);
				PRODUCT_BUNDLE_IDENTIFIER = tech.inkhorn.pinfold.Tests;
				SDKROOT = iphoneos;
				TARGETED_DEVICE_FAMILY = "1,2";
				TEST_HOST = "$(BUILT_PRODUCTS_DIR)/Pinfold.app/Pinfold";
			};
			name = Debug;
		};
		20D8BB831594E81A2D1C8E0C /* Debug */ = {
			isa = XCBuildConfiguration;
			buildSettings = {
				CODE_SIGN_ENTITLEMENTS = ShareExtension/ShareExtension.entitlements;
				INFOPLIST_FILE = ShareExtension/Info.plist;
				LD_RUNPATH_SEARCH_PATHS = (
					"$(inherited)",
					"@executable_path/Frameworks",
					"@executable_path/../../Frameworks",
				);
				PRODUCT_BUNDLE_IDENTIFIER = tech.inkhorn.pinfold.ShareExtension;
				SDKROOT = iphoneos;
				TARGETED_DEVICE_FAMILY = "1,2";
			};
			name = Debug;
		};
		31CCD1716C5E3A0AFE3290AF /* Release */ = {
			isa = XCBuildConfiguration;
			buildSettings = {
				ASSETCATALOG_COMPILER_APPICON_NAME = AppIcon;
				CODE_SIGN_ENTITLEMENTS = App/Pinfold.entitlements;
				CODE_SIGN_IDENTITY = "iPhone Developer";
				ENABLE_PREVIEWS = YES;
				INFOPLIST_FILE = App/Info.plist;
				LD_RUNPATH_SEARCH_PATHS = (
					"$(inherited)",
					"@executable_path/Frameworks",
				);
				PRODUCT_BUNDLE_IDENTIFIER = tech.inkhorn.pinfold;
				SDKROOT = iphoneos;
				SWIFT_EMIT_LOC_STRINGS = YES;
				TARGETED_DEVICE_FAMILY = "1,2";
			};
			name = Release;
		};
		681598BFB5D394C2DCA18FCF /* Release */ = {
			isa = XCBuildConfiguration;
			buildSettings = {
				ALWAYS_SEARCH_USER_PATHS = NO;
				CLANG_ANALYZER_NONNULL = YES;
				CLANG_ANALYZER_NUMBER_OBJECT_CONVERSION = YES_AGGRESSIVE;
				CLANG_CXX_LANGUAGE_STANDARD = "gnu++14";
				CLANG_CXX_LIBRARY = "libc++";
				CLANG_ENABLE_MODULES = YES;
				CLANG_ENABLE_OBJC_ARC = YES;
				CLANG_ENABLE_OBJC_WEAK = YES;
				CLANG_WARN_BLOCK_CAPTURE_AUTORELEASING = YES;
				CLANG_WARN_BOOL_CONVERSION = YES;
				CLANG_WARN_COMMA = YES;
				CLANG_WARN_CONSTANT_CONVERSION = YES;
				CLANG_WARN_DEPRECATED_OBJC_IMPLEMENTATIONS = YES;
				CLANG_WARN_DIRECT_OBJC_ISA_USAGE = YES_ERROR;
				CLANG_WARN_DOCUMENTATION_COMMENTS = YES;
				CLANG_WARN_EMPTY_BODY = YES;
				CLANG_WARN_ENUM_CONVERSION = YES;
				CLANG_WARN_INFINITE_RECURSION = YES;
				CLANG_WARN_INT_CONVERSION = YES;
				CLANG_WARN_NON_LITERAL_NULL_CONVERSION = YES;
				CLANG_WARN_OBJC_IMPLICIT_RETAIN_SELF = YES;
				CLANG_WARN_OBJC_LITERAL_CONVERSION = YES;
				CLANG_WARN_OBJC_ROOT_CLASS = YES_ERROR;
				CLANG_WARN_QUOTED_INCLUDE_IN_FRAMEWORK_HEADER = YES;
				CLANG_WARN_RANGE_LOOP_ANALYSIS = YES;
				CLANG_WARN_STRICT_PROTOTYPES = YES;
				CLANG_WARN_SUSPICIOUS_MOVE = YES;
				CLANG_WARN_UNGUARDED_AVAILABILITY = YES_AGGRESSIVE;
				CLANG_WARN_UNREACHABLE_CODE = YES;
				CLANG_WARN__DUPLICATE_METHOD_MATCH = YES;
				CODE_SIGN_STYLE = Automatic;
				COPY_PHASE_STRIP = NO;
				CURRENT_PROJECT_VERSION = 1;
				DEBUG_INFORMATION_FORMAT = "dwarf-with-dsym";
				DEVELOPMENT_TEAM = 3YS4G5GH27;
				ENABLE_NS_ASSERTIONS = NO;
				ENABLE_STRICT_OBJC_MSGSEND = YES;
				GCC_C_LANGUAGE_STANDARD = gnu11;
				GCC_NO_COMMON_BLOCKS = YES;
				GCC_WARN_64_TO_32_BIT_CONVERSION = YES;
				GCC_WARN_ABOUT_RETURN_TYPE = YES_ERROR;
				GCC_WARN_UNDECLARED_SELECTOR = YES;
				GCC_WARN_UNINITIALIZED_AUTOS = YES_AGGRESSIVE;
				GCC_WARN_UNUSED_FUNCTION = YES;
				GCC_WARN_UNUSED_VARIABLE = YES;
				GENERATE_INFOPLIST_FILE = NO;
				IPHONEOS_DEPLOYMENT_TARGET = 26.0;
				MARKETING_VERSION = 1.6;
				MTL_ENABLE_DEBUG_INFO = NO;
				MTL_FAST_MATH = YES;
				PRODUCT_NAME = "$(TARGET_NAME)";
				SDKROOT = iphoneos;
				SWIFT_COMPILATION_MODE = wholemodule;
				SWIFT_OPTIMIZATION_LEVEL = "-O";
				SWIFT_VERSION = 6.0;
			};
			name = Release;
		};
		742E481D1F618F59AACCE385 /* Debug */ = {
			isa = XCBuildConfiguration;
			buildSettings = {
				ASSETCATALOG_COMPILER_APPICON_NAME = AppIcon;
				CODE_SIGN_ENTITLEMENTS = App/Pinfold.entitlements;
				CODE_SIGN_IDENTITY = "iPhone Developer";
				ENABLE_PREVIEWS = YES;
				INFOPLIST_FILE = App/Info.plist;
				LD_RUNPATH_SEARCH_PATHS = (
					"$(inherited)",
					"@executable_path/Frameworks",
				);
				PRODUCT_BUNDLE_IDENTIFIER = tech.inkhorn.pinfold;
				SDKROOT = iphoneos;
				SWIFT_EMIT_LOC_STRINGS = YES;
				TARGETED_DEVICE_FAMILY = "1,2";
			};
			name = Debug;
		};
		BF13F254161D80F223AE2841 /* Release */ = {
			isa = XCBuildConfiguration;
			buildSettings = {
				CODE_SIGN_ENTITLEMENTS = ShareExtension/ShareExtension.entitlements;
				INFOPLIST_FILE = ShareExtension/Info.plist;
				LD_RUNPATH_SEARCH_PATHS = (
					"$(inherited)",
					"@executable_path/Frameworks",
					"@executable_path/../../Frameworks",
				);
				PRODUCT_BUNDLE_IDENTIFIER = tech.inkhorn.pinfold.ShareExtension;
				SDKROOT = iphoneos;
				TARGETED_DEVICE_FAMILY = "1,2";
			};
			name = Release;
		};
		DE31C0E1C271495D3463E1C4 /* Release */ = {
			isa = XCBuildConfiguration;
			buildSettings = {
				BUNDLE_LOADER = "$(TEST_HOST)";
				GENERATE_INFOPLIST_FILE = YES;
				LD_RUNPATH_SEARCH_PATHS = (
					"$(inherited)",
					"@executable_path/Frameworks",
					"@loader_path/Frameworks",
				);
				PRODUCT_BUNDLE_IDENTIFIER = tech.inkhorn.pinfold.Tests;
				SDKROOT = iphoneos;
				TARGETED_DEVICE_FAMILY = "1,2";
				TEST_HOST = "$(BUILT_PRODUCTS_DIR)/Pinfold.app/Pinfold";
			};
			name = Release;
		};
		E5A3C4C15F96CEF0F8A95C34 /* Debug */ = {
			isa = XCBuildConfiguration;
			buildSettings = {
				ALWAYS_SEARCH_USER_PATHS = NO;
				CLANG_ANALYZER_NONNULL = YES;
				CLANG_ANALYZER_NUMBER_OBJECT_CONVERSION = YES_AGGRESSIVE;
				CLANG_CXX_LANGUAGE_STANDARD = "gnu++14";
				CLANG_CXX_LIBRARY = "libc++";
				CLANG_ENABLE_MODULES = YES;
				CLANG_ENABLE_OBJC_ARC = YES;
				CLANG_ENABLE_OBJC_WEAK = YES;
				CLANG_WARN_BLOCK_CAPTURE_AUTORELEASING = YES;
				CLANG_WARN_BOOL_CONVERSION = YES;
				CLANG_WARN_COMMA = YES;
				CLANG_WARN_CONSTANT_CONVERSION = YES;
				CLANG_WARN_DEPRECATED_OBJC_IMPLEMENTATIONS = YES;
				CLANG_WARN_DIRECT_OBJC_ISA_USAGE = YES_ERROR;
				CLANG_WARN_DOCUMENTATION_COMMENTS = YES;
				CLANG_WARN_EMPTY_BODY = YES;
				CLANG_WARN_ENUM_CONVERSION = YES;
				CLANG_WARN_INFINITE_RECURSION = YES;
				CLANG_WARN_INT_CONVERSION = YES;
				CLANG_WARN_NON_LITERAL_NULL_CONVERSION = YES;
				CLANG_WARN_OBJC_IMPLICIT_RETAIN_SELF = YES;
				CLANG_WARN_OBJC_LITERAL_CONVERSION = YES;
				CLANG_WARN_OBJC_ROOT_CLASS = YES_ERROR;
				CLANG_WARN_QUOTED_INCLUDE_IN_FRAMEWORK_HEADER = YES;
				CLANG_WARN_RANGE_LOOP_ANALYSIS = YES;
				CLANG_WARN_STRICT_PROTOTYPES = YES;
				CLANG_WARN_SUSPICIOUS_MOVE = YES;
				CLANG_WARN_UNGUARDED_AVAILABILITY = YES_AGGRESSIVE;
				CLANG_WARN_UNREACHABLE_CODE = YES;
				CLANG_WARN__DUPLICATE_METHOD_MATCH = YES;
				CODE_SIGN_STYLE = Automatic;
				COPY_PHASE_STRIP = NO;
				CURRENT_PROJECT_VERSION = 1;
				DEBUG_INFORMATION_FORMAT = dwarf;
				DEVELOPMENT_TEAM = 3YS4G5GH27;
				ENABLE_STRICT_OBJC_MSGSEND = YES;
				ENABLE_TESTABILITY = YES;
				GCC_C_LANGUAGE_STANDARD = gnu11;
				GCC_DYNAMIC_NO_PIC = NO;
				GCC_NO_COMMON_BLOCKS = YES;
				GCC_OPTIMIZATION_LEVEL = 0;
				GCC_PREPROCESSOR_DEFINITIONS = (
					"$(inherited)",
					"DEBUG=1",
				);
				GCC_WARN_64_TO_32_BIT_CONVERSION = YES;
				GCC_WARN_ABOUT_RETURN_TYPE = YES_ERROR;
				GCC_WARN_UNDECLARED_SELECTOR = YES;
				GCC_WARN_UNINITIALIZED_AUTOS = YES_AGGRESSIVE;
				GCC_WARN_UNUSED_FUNCTION = YES;
				GCC_WARN_UNUSED_VARIABLE = YES;
				GENERATE_INFOPLIST_FILE = NO;
				IPHONEOS_DEPLOYMENT_TARGET = 26.0;
				MARKETING_VERSION = 1.6;
				MTL_ENABLE_DEBUG_INFO = INCLUDE_SOURCE;
				MTL_FAST_MATH = YES;
				ONLY_ACTIVE_ARCH = YES;
				PRODUCT_NAME = "$(TARGET_NAME)";
				SDKROOT = iphoneos;
				SWIFT_ACTIVE_COMPILATION_CONDITIONS = DEBUG;
				SWIFT_OPTIMIZATION_LEVEL = "-Onone";
				SWIFT_VERSION = 6.0;
			};
			name = Debug;
		};
/* End XCBuildConfiguration section */

/* Begin XCConfigurationList section */
		074D98E554A659F1A194570E /* Build configuration list for PBXNativeTarget "PinfoldShareExtension" */ = {
			isa = XCConfigurationList;
			buildConfigurations = (
				20D8BB831594E81A2D1C8E0C /* Debug */,
				BF13F254161D80F223AE2841 /* Release */,
			);
			defaultConfigurationIsVisible = 0;
			defaultConfigurationName = Debug;
		};
		604D5914272629C04EA6ED22 /* Build configuration list for PBXNativeTarget "PinfoldTests" */ = {
			isa = XCConfigurationList;
			buildConfigurations = (
				071E672DF8AF645C7294292D /* Debug */,
				DE31C0E1C271495D3463E1C4 /* Release */,
			);
			defaultConfigurationIsVisible = 0;
			defaultConfigurationName = Debug;
		};
		79491BB4C3FE74E8FA990B0E /* Build configuration list for PBXProject "Pinfold" */ = {
			isa = XCConfigurationList;
			buildConfigurations = (
				E5A3C4C15F96CEF0F8A95C34 /* Debug */,
				681598BFB5D394C2DCA18FCF /* Release */,
			);
			defaultConfigurationIsVisible = 0;
			defaultConfigurationName = Debug;
		};
		E6FBE2DCBBCBAB752EC42662 /* Build configuration list for PBXNativeTarget "Pinfold" */ = {
			isa = XCConfigurationList;
			buildConfigurations = (
				742E481D1F618F59AACCE385 /* Debug */,
				31CCD1716C5E3A0AFE3290AF /* Release */,
			);
			defaultConfigurationIsVisible = 0;
			defaultConfigurationName = Debug;
		};
/* End XCConfigurationList section */

/* Begin XCLocalSwiftPackageReference section */
		F8138D60BC8E233C5C402CA5 /* XCLocalSwiftPackageReference "PinfoldCore" */ = {
			isa = XCLocalSwiftPackageReference;
			relativePath = PinfoldCore;
		};
/* End XCLocalSwiftPackageReference section */

/* Begin XCSwiftPackageProductDependency section */
		447B630B3524BD4572911F86 /* PinfoldCore */ = {
			isa = XCSwiftPackageProductDependency;
			productName = PinfoldCore;
		};
		B9F587C6B080A1B024B0A825 /* PinfoldCore */ = {
			isa = XCSwiftPackageProductDependency;
			productName = PinfoldCore;
		};
		F8402AACF3789CE364711F02 /* PinfoldCore */ = {
			isa = XCSwiftPackageProductDependency;
			productName = PinfoldCore;
		};
/* End XCSwiftPackageProductDependency section */
	};
	rootObject = 24D8CE0E02A2B1E2B690B827 /* Project object */;
}
